
Microsoft Visual Studio Solution File, Format Version 12.00
Project("{FAE04EC0-301F-11D3-BF4B-00C04F79EFBC}") = "background4_2", "background4_2\background4_2.csproj", "{15F9FEF5-CA1E-4E4F-B7AC-F4058427517C}"
EndProject
Global
	GlobalSection(SolutionConfigurationPlatforms) = preSolution
		Debug|Any CPU = Debug|Any CPU
		Release|Any CPU = Release|Any CPU
	EndGlobalSection
	GlobalSection(ProjectConfigurationPlatforms) = postSolution
		{15F9FEF5-CA1E-4E4F-B7AC-F4058427517C}.Debug|Any CPU.ActiveCfg = Debug|Any CPU
		{15F9FEF5-CA1E-4E4F-B7AC-F4058427517C}.Debug|Any CPU.Build.0 = Debug|Any CPU
		{15F9FEF5-CA1E-4E4F-B7AC-F4058427517C}.Release|Any CPU.ActiveCfg = Release|Any CPU
		{15F9FEF5-CA1E-4E4F-B7AC-F4058427517C}.Release|Any CPU.Build.0 = Release|Any CPU
	EndGlobalSection
EndGlobal
