
Microsoft Visual Studio Solution File, Format Version 12.00
Project("{FAE04EC0-301F-11D3-BF4B-00C04F79EFBC}") = "background4_2", "background4_2\background4_2.csproj", "{15F9FEF5-CA1E-4E4F-B7AC-F4058427517C}"
EndProject
Project("{FAE04EC0-301F-11D3-BF4B-00C04F79EFBC}") = "Background5_1", "Background5_1\Background5_1.csproj", "{CE7B86AF-04DC-4360-AFFE-F9438FBAD7B0}"
EndProject
Project("{FAE04EC0-301F-11D3-BF4B-00C04F79EFBC}") = "background6_1", "background6_1\background6_1.csproj", "{B8B46229-13F2-42B1-803B-C28FC4FE7F12}"
EndProject
Project("{FAE04EC0-301F-11D3-BF4B-00C04F79EFBC}") = "background6_2", "background6_2\background6_2.csproj", "{E7E6918C-B887-4E97-9659-37FCA670BF41}"
EndProject
Global
	GlobalSection(SolutionConfigurationPlatforms) = preSolution
		Debug|Any CPU = Debug|Any CPU
		Release|Any CPU = Release|Any CPU
	EndGlobalSection
	GlobalSection(ProjectConfigurationPlatforms) = postSolution
		{15F9FEF5-CA1E-4E4F-B7AC-F4058427517C}.Debug|Any CPU.ActiveCfg = Debug|Any CPU
		{15F9FEF5-CA1E-4E4F-B7AC-F4058427517C}.Debug|Any CPU.Build.0 = Debug|Any CPU
		{15F9FEF5-CA1E-4E4F-B7AC-F4058427517C}.Release|Any CPU.ActiveCfg = Release|Any CPU
		{15F9FEF5-CA1E-4E4F-B7AC-F4058427517C}.Release|Any CPU.Build.0 = Release|Any CPU
		{CE7B86AF-04DC-4360-AFFE-F9438FBAD7B0}.Debug|Any CPU.ActiveCfg = Debug|Any CPU
		{CE7B86AF-04DC-4360-AFFE-F9438FBAD7B0}.Debug|Any CPU.Build.0 = Debug|Any CPU
		{CE7B86AF-04DC-4360-AFFE-F9438FBAD7B0}.Release|Any CPU.ActiveCfg = Release|Any CPU
		{CE7B86AF-04DC-4360-AFFE-F9438FBAD7B0}.Release|Any CPU.Build.0 = Release|Any CPU
		{B8B46229-13F2-42B1-803B-C28FC4FE7F12}.Debug|Any CPU.ActiveCfg = Debug|Any CPU
		{B8B46229-13F2-42B1-803B-C28FC4FE7F12}.Debug|Any CPU.Build.0 = Debug|Any CPU
		{B8B46229-13F2-42B1-803B-C28FC4FE7F12}.Release|Any CPU.ActiveCfg = Release|Any CPU
		{B8B46229-13F2-42B1-803B-C28FC4FE7F12}.Release|Any CPU.Build.0 = Release|Any CPU
		{E7E6918C-B887-4E97-9659-37FCA670BF41}.Debug|Any CPU.ActiveCfg = Debug|Any CPU
		{E7E6918C-B887-4E97-9659-37FCA670BF41}.Debug|Any CPU.Build.0 = Debug|Any CPU
		{E7E6918C-B887-4E97-9659-37FCA670BF41}.Release|Any CPU.ActiveCfg = Release|Any CPU
		{E7E6918C-B887-4E97-9659-37FCA670BF41}.Release|Any CPU.Build.0 = Release|Any CPU
	EndGlobalSection
EndGlobal
