
Microsoft Visual Studio Solution File, Format Version 12.00
Project("{FAE04EC0-301F-11D3-BF4B-00C04F79EFBC}") = "practices", "practices\practices.csproj", "{B10D3521-4495-49CB-A398-6939EF44427C}"
EndProject
Global
	GlobalSection(SolutionConfigurationPlatforms) = preSolution
		Debug|Any CPU = Debug|Any CPU
		Release|Any CPU = Release|Any CPU
	EndGlobalSection
	GlobalSection(ProjectConfigurationPlatforms) = postSolution
		{B10D3521-4495-49CB-A398-6939EF44427C}.Debug|Any CPU.ActiveCfg = Debug|Any CPU
		{B10D3521-4495-49CB-A398-6939EF44427C}.Debug|Any CPU.Build.0 = Debug|Any CPU
		{B10D3521-4495-49CB-A398-6939EF44427C}.Release|Any CPU.ActiveCfg = Release|Any CPU
		{B10D3521-4495-49CB-A398-6939EF44427C}.Release|Any CPU.Build.0 = Release|Any CPU
	EndGlobalSection
EndGlobal
